
Microsoft Visual Studio Solution File, Format Version 12.00
# Visual Studio Version 16
VisualStudioVersion = 16.0.32413.511
MinimumVisualStudioVersion = 10.0.40219.1
Project("{FAE04EC0-301F-11D3-BF4B-00C04F79EFBC}") = "PrimaLab6", "PrimaLab6.csproj", "{D867FD45-06BA-4FC8-BB4B-89FEC90B1310}"
EndProject
Global
	GlobalSection(SolutionConfigurationPlatforms) = preSolution
		Debug|Any CPU = Debug|Any CPU
		Release|Any CPU = Release|Any CPU
	EndGlobalSection
	GlobalSection(ProjectConfigurationPlatforms) = postSolution
		{D867FD45-06BA-4FC8-BB4B-89FEC90B1310}.Debug|Any CPU.ActiveCfg = Debug|Any CPU
		{D867FD45-06BA-4FC8-BB4B-89FEC90B1310}.Debug|Any CPU.Build.0 = Debug|Any CPU
		{D867FD45-06BA-4FC8-BB4B-89FEC90B1310}.Release|Any CPU.ActiveCfg = Release|Any CPU
		{D867FD45-06BA-4FC8-BB4B-89FEC90B1310}.Release|Any CPU.Build.0 = Release|Any CPU
	EndGlobalSection
	GlobalSection(SolutionProperties) = preSolution
		HideSolutionNode = FALSE
	EndGlobalSection
	GlobalSection(ExtensibilityGlobals) = postSolution
		SolutionGuid = {D78EF2F6-F8BF-4F7A-A788-6A46F50DC68B}
	EndGlobalSection
EndGlobal
