
Microsoft Visual Studio Solution File, Format Version 12.00
# Visual Studio Version 16
VisualStudioVersion = 16.0.30517.126
MinimumVisualStudioVersion = 10.0.40219.1
Project("{FAE04EC0-301F-11D3-BF4B-00C04F79EFBC}") = "lab3_progrr", "lab3_progrr.csproj", "{8A139DB4-2D0A-47BB-A519-1DB9D1366CF4}"
EndProject
Global
	GlobalSection(SolutionConfigurationPlatforms) = preSolution
		Debug|Any CPU = Debug|Any CPU
		Release|Any CPU = Release|Any CPU
	EndGlobalSection
	GlobalSection(ProjectConfigurationPlatforms) = postSolution
		{8A139DB4-2D0A-47BB-A519-1DB9D1366CF4}.Debug|Any CPU.ActiveCfg = Debug|Any CPU
		{8A139DB4-2D0A-47BB-A519-1DB9D1366CF4}.Debug|Any CPU.Build.0 = Debug|Any CPU
		{8A139DB4-2D0A-47BB-A519-1DB9D1366CF4}.Release|Any CPU.ActiveCfg = Release|Any CPU
		{8A139DB4-2D0A-47BB-A519-1DB9D1366CF4}.Release|Any CPU.Build.0 = Release|Any CPU
	EndGlobalSection
	GlobalSection(SolutionProperties) = preSolution
		HideSolutionNode = FALSE
	EndGlobalSection
	GlobalSection(ExtensibilityGlobals) = postSolution
		SolutionGuid = {52D044B2-4F13-447C-B36D-AB9CF7680522}
	EndGlobalSection
EndGlobal
