
Microsoft Visual Studio Solution File, Format Version 12.00
# Visual Studio Version 16
VisualStudioVersion = 16.0.32413.511
MinimumVisualStudioVersion = 10.0.40219.1
Project("{FAE04EC0-301F-11D3-BF4B-00C04F79EFBC}") = "LAB3", "LAB3.csproj", "{024B0A2C-0B26-4DE8-81E7-EC57BCA672CA}"
EndProject
Global
	GlobalSection(SolutionConfigurationPlatforms) = preSolution
		Debug|Any CPU = Debug|Any CPU
		Release|Any CPU = Release|Any CPU
	EndGlobalSection
	GlobalSection(ProjectConfigurationPlatforms) = postSolution
		{024B0A2C-0B26-4DE8-81E7-EC57BCA672CA}.Debug|Any CPU.ActiveCfg = Debug|Any CPU
		{024B0A2C-0B26-4DE8-81E7-EC57BCA672CA}.Debug|Any CPU.Build.0 = Debug|Any CPU
		{024B0A2C-0B26-4DE8-81E7-EC57BCA672CA}.Release|Any CPU.ActiveCfg = Release|Any CPU
		{024B0A2C-0B26-4DE8-81E7-EC57BCA672CA}.Release|Any CPU.Build.0 = Release|Any CPU
	EndGlobalSection
	GlobalSection(SolutionProperties) = preSolution
		HideSolutionNode = FALSE
	EndGlobalSection
	GlobalSection(ExtensibilityGlobals) = postSolution
		SolutionGuid = {30E37109-FC14-42C1-97D7-EFF30DDE9D92}
	EndGlobalSection
EndGlobal
